
Microsoft Visual Studio Solution File, Format Version 12.00
# Visual Studio Version 16
VisualStudioVersion = 16.0.29102.190
MinimumVisualStudioVersion = 10.0.40219.1
Project("{8BC9CEB8-8B4A-11D0-8D11-00A0C91BC942}") = "xxEngine", "project\xxEngine.vcxproj", "{4165A294-21F2-44CA-9B38-E3F935ABADF5}"
EndProject
Project("{8BC9CEB8-8B4A-11D0-8D11-00A0C91BC942}") = "freetype", "project\freetype.vcxproj", "{D98A83DF-490D-46D9-809C-55C80BA9275F}"
EndProject
Project("{8BC9CEB8-8B4A-11D0-8D11-00A0C91BC942}") = "imgui", "project\imgui.vcxproj", "{9B49443B-7FAE-479E-8CDF-29919A9F786F}"
EndProject
Project("{8BC9CEB8-8B4A-11D0-8D11-00A0C91BC942}") = "xxGraphic", "project\xxGraphic.vcxproj", "{81C889FC-6908-4066-8C73-3215DF6FFFC9}"
EndProject
Global
	GlobalSection(SolutionConfigurationPlatforms) = preSolution
		Debug|Win32 = Debug|Win32
		Debug|x64 = Debug|x64
		Release|Win32 = Release|Win32
		Release|x64 = Release|x64
	EndGlobalSection
	GlobalSection(ProjectConfigurationPlatforms) = postSolution
		{4165A294-21F2-44CA-9B38-E3F935ABADF5}.Debug|Win32.ActiveCfg = Debug|Win32
		{4165A294-21F2-44CA-9B38-E3F935ABADF5}.Debug|Win32.Build.0 = Debug|Win32
		{4165A294-21F2-44CA-9B38-E3F935ABADF5}.Debug|x64.ActiveCfg = Debug|x64
		{4165A294-21F2-44CA-9B38-E3F935ABADF5}.Debug|x64.Build.0 = Debug|x64
		{4165A294-21F2-44CA-9B38-E3F935ABADF5}.Release|Win32.ActiveCfg = Release|Win32
		{4165A294-21F2-44CA-9B38-E3F935ABADF5}.Release|Win32.Build.0 = Release|Win32
		{4165A294-21F2-44CA-9B38-E3F935ABADF5}.Release|x64.ActiveCfg = Release|x64
		{4165A294-21F2-44CA-9B38-E3F935ABADF5}.Release|x64.Build.0 = Release|x64
		{D98A83DF-490D-46D9-809C-55C80BA9275F}.Debug|Win32.ActiveCfg = Debug|Win32
		{D98A83DF-490D-46D9-809C-55C80BA9275F}.Debug|Win32.Build.0 = Debug|Win32
		{D98A83DF-490D-46D9-809C-55C80BA9275F}.Debug|x64.ActiveCfg = Debug|x64
		{D98A83DF-490D-46D9-809C-55C80BA9275F}.Debug|x64.Build.0 = Debug|x64
		{D98A83DF-490D-46D9-809C-55C80BA9275F}.Release|Win32.ActiveCfg = Release|Win32
		{D98A83DF-490D-46D9-809C-55C80BA9275F}.Release|Win32.Build.0 = Release|Win32
		{D98A83DF-490D-46D9-809C-55C80BA9275F}.Release|x64.ActiveCfg = Release|x64
		{D98A83DF-490D-46D9-809C-55C80BA9275F}.Release|x64.Build.0 = Release|x64
		{9B49443B-7FAE-479E-8CDF-29919A9F786F}.Debug|Win32.ActiveCfg = Debug|Win32
		{9B49443B-7FAE-479E-8CDF-29919A9F786F}.Debug|Win32.Build.0 = Debug|Win32
		{9B49443B-7FAE-479E-8CDF-29919A9F786F}.Debug|x64.ActiveCfg = Debug|x64
		{9B49443B-7FAE-479E-8CDF-29919A9F786F}.Debug|x64.Build.0 = Debug|x64
		{9B49443B-7FAE-479E-8CDF-29919A9F786F}.Release|Win32.ActiveCfg = Release|Win32
		{9B49443B-7FAE-479E-8CDF-29919A9F786F}.Release|Win32.Build.0 = Release|Win32
		{9B49443B-7FAE-479E-8CDF-29919A9F786F}.Release|x64.ActiveCfg = Release|x64
		{9B49443B-7FAE-479E-8CDF-29919A9F786F}.Release|x64.Build.0 = Release|x64
		{81C889FC-6908-4066-8C73-3215DF6FFFC9}.Debug|Win32.ActiveCfg = Debug|Win32
		{81C889FC-6908-4066-8C73-3215DF6FFFC9}.Debug|Win32.Build.0 = Debug|Win32
		{81C889FC-6908-4066-8C73-3215DF6FFFC9}.Debug|x64.ActiveCfg = Debug|x64
		{81C889FC-6908-4066-8C73-3215DF6FFFC9}.Debug|x64.Build.0 = Debug|x64
		{81C889FC-6908-4066-8C73-3215DF6FFFC9}.Release|Win32.ActiveCfg = Release|Win32
		{81C889FC-6908-4066-8C73-3215DF6FFFC9}.Release|Win32.Build.0 = Release|Win32
		{81C889FC-6908-4066-8C73-3215DF6FFFC9}.Release|x64.ActiveCfg = Release|x64
		{81C889FC-6908-4066-8C73-3215DF6FFFC9}.Release|x64.Build.0 = Release|x64
	EndGlobalSection
	GlobalSection(SolutionProperties) = preSolution
		HideSolutionNode = FALSE
	EndGlobalSection
	GlobalSection(ExtensibilityGlobals) = postSolution
		SolutionGuid = {32BE026C-479C-45E0-B740-DA621F56B7F3}
	EndGlobalSection
EndGlobal
