// !$*UTF8*$!
{
	archiveVersion = 1;
	classes = {
	};
	objectVersion = 52;
	objects = {

/* Begin PBXBuildFile section */
		D644A0AA231EDE9B00B75B77 /* xxGraphicNULL.h in Headers */ = {isa = PBXBuildFile; fileRef = D644A0A0231EDE9A00B75B77 /* xxGraphicNULL.h */; };
		D644A0AB231EDE9B00B75B77 /* xxGraphicGL.h in Headers */ = {isa = PBXBuildFile; fileRef = D644A0A1231EDE9A00B75B77 /* xxGraphicGL.h */; };
		D644A0AC231EDE9B00B75B77 /* xxSystem.cpp in Sources */ = {isa = PBXBuildFile; fileRef = D644A0A2231EDE9A00B75B77 /* xxSystem.cpp */; };
		D644A0AD231EDE9B00B75B77 /* xxGraphic.cpp in Sources */ = {isa = PBXBuildFile; fileRef = D644A0A3231EDE9A00B75B77 /* xxGraphic.cpp */; };
		D644A0AE231EDE9B00B75B77 /* xxGraphic.h in Headers */ = {isa = PBXBuildFile; fileRef = D644A0A4231EDE9B00B75B77 /* xxGraphic.h */; };
		D644A0AF231EDE9B00B75B77 /* xxGraphicGLES2.cpp in Sources */ = {isa = PBXBuildFile; fileRef = D644A0A5231EDE9B00B75B77 /* xxGraphicGLES2.cpp */; };
		D644A0B0231EDE9B00B75B77 /* xxGraphicNULL.cpp in Sources */ = {isa = PBXBuildFile; fileRef = D644A0A6231EDE9B00B75B77 /* xxGraphicNULL.cpp */; };
		D644A0B1231EDE9B00B75B77 /* xxGraphicGLES2.h in Headers */ = {isa = PBXBuildFile; fileRef = D644A0A7231EDE9B00B75B77 /* xxGraphicGLES2.h */; };
		D644A0B2231EDE9B00B75B77 /* xxSystem.h in Headers */ = {isa = PBXBuildFile; fileRef = D644A0A8231EDE9B00B75B77 /* xxSystem.h */; };
		D644A0B3231EDE9B00B75B77 /* xxGraphicGL.cpp in Sources */ = {isa = PBXBuildFile; fileRef = D644A0A9231EDE9B00B75B77 /* xxGraphicGL.cpp */; };
		D6A727AF232310F4009981AD /* xxGraphicD3DAsm.h in Headers */ = {isa = PBXBuildFile; fileRef = D6A72796232310F2009981AD /* xxGraphicD3DAsm.h */; };
		D6A727B1232310F4009981AD /* xxGraphicD3D8PS.h in Headers */ = {isa = PBXBuildFile; fileRef = D6A72798232310F3009981AD /* xxGraphicD3D8PS.h */; };
		D6A727B5232310F4009981AD /* xxGraphicD3D11.h in Headers */ = {isa = PBXBuildFile; fileRef = D6A7279C232310F3009981AD /* xxGraphicD3D11.h */; };
		D6A727B7232310F4009981AD /* xxGraphicD3D12.h in Headers */ = {isa = PBXBuildFile; fileRef = D6A7279E232310F3009981AD /* xxGraphicD3D12.h */; };
		D6A727B9232310F4009981AD /* xxGraphicD3D10_1.h in Headers */ = {isa = PBXBuildFile; fileRef = D6A727A0232310F3009981AD /* xxGraphicD3D10_1.h */; };
		D6A727BB232310F4009981AD /* xxGraphicD3D.h in Headers */ = {isa = PBXBuildFile; fileRef = D6A727A2232310F3009981AD /* xxGraphicD3D.h */; };
		D6A727BE232310F4009981AD /* xxGraphicD3D11On12.h in Headers */ = {isa = PBXBuildFile; fileRef = D6A727A5232310F3009981AD /* xxGraphicD3D11On12.h */; };
		D6A727BF232310F4009981AD /* xxGraphicD3D9Ex.h in Headers */ = {isa = PBXBuildFile; fileRef = D6A727A6232310F3009981AD /* xxGraphicD3D9Ex.h */; };
		D6A727C1232310F4009981AD /* xxGraphicD3D9PS.h in Headers */ = {isa = PBXBuildFile; fileRef = D6A727A8232310F4009981AD /* xxGraphicD3D9PS.h */; };
		D6A727C2232310F4009981AD /* xxGraphicD3D8.h in Headers */ = {isa = PBXBuildFile; fileRef = D6A727A9232310F4009981AD /* xxGraphicD3D8.h */; };
		D6A727C3232310F4009981AD /* xxGraphicD3D10.h in Headers */ = {isa = PBXBuildFile; fileRef = D6A727AA232310F4009981AD /* xxGraphicD3D10.h */; };
		D6A727C5232310F4009981AD /* xxGraphicD3D9.h in Headers */ = {isa = PBXBuildFile; fileRef = D6A727AC232310F4009981AD /* xxGraphicD3D9.h */; };
		D6A727C7232310F4009981AD /* xxGraphicD3D9On12.h in Headers */ = {isa = PBXBuildFile; fileRef = D6A727AE232310F4009981AD /* xxGraphicD3D9On12.h */; };
		D6A727E023231154009981AD /* xxGraphicMantleAsm.h in Headers */ = {isa = PBXBuildFile; fileRef = D6A727DC23231154009981AD /* xxGraphicMantleAsm.h */; };
		D6A727E123231154009981AD /* xxGraphicMantle.h in Headers */ = {isa = PBXBuildFile; fileRef = D6A727DD23231154009981AD /* xxGraphicMantle.h */; };
		D6A727EC23231180009981AD /* xxGraphicInternal.h in Headers */ = {isa = PBXBuildFile; fileRef = D6A727E92323117F009981AD /* xxGraphicInternal.h */; };
		D6A727EE23231180009981AD /* xxGraphicWGL.h in Headers */ = {isa = PBXBuildFile; fileRef = D6A727EB23231180009981AD /* xxGraphicWGL.h */; };
		D6A727F2232318E4009981AD /* xxGraphicMetal.h in Headers */ = {isa = PBXBuildFile; fileRef = D6A727F0232318E4009981AD /* xxGraphicMetal.h */; };
		D6A727F3232318E4009981AD /* xxGraphicMetal.mm in Sources */ = {isa = PBXBuildFile; fileRef = D6A727F1232318E4009981AD /* xxGraphicMetal.mm */; };
		D6A727F7232414A7009981AD /* QuartzCore.framework in Frameworks */ = {isa = PBXBuildFile; fileRef = D6A727F6232414A7009981AD /* QuartzCore.framework */; };
		D6B338562320209A0096D02F /* xxGraphicCGL.mm in Sources */ = {isa = PBXBuildFile; fileRef = D6B33854232020990096D02F /* xxGraphicCGL.mm */; };
		D6B338572320209A0096D02F /* xxGraphicCGL.h in Headers */ = {isa = PBXBuildFile; fileRef = D6B33855232020990096D02F /* xxGraphicCGL.h */; };
		D6B3385D232044100096D02F /* Cocoa.framework in Frameworks */ = {isa = PBXBuildFile; fileRef = D6B3385C232044100096D02F /* Cocoa.framework */; };
		D6B70EC823283AEC000FFCBB /* xxGraphicEAGL.mm in Sources */ = {isa = PBXBuildFile; fileRef = D6D0AA6323283A3D0044D0CF /* xxGraphicEAGL.mm */; platformFilter = ios; };
		D6D0AA6623283A3E0044D0CF /* xxGraphicEAGL.h in Headers */ = {isa = PBXBuildFile; fileRef = D6D0AA6423283A3E0044D0CF /* xxGraphicEAGL.h */; };
		D6DA664B23258F6F00953C5B /* xxGraphicMetal.mm in Sources */ = {isa = PBXBuildFile; fileRef = D6A727F1232318E4009981AD /* xxGraphicMetal.mm */; };
		D6DA664C23258F6F00953C5B /* xxGraphicGL.cpp in Sources */ = {isa = PBXBuildFile; fileRef = D644A0A9231EDE9B00B75B77 /* xxGraphicGL.cpp */; };
		D6DA664D23258F6F00953C5B /* xxGraphicGLES2.cpp in Sources */ = {isa = PBXBuildFile; fileRef = D644A0A5231EDE9B00B75B77 /* xxGraphicGLES2.cpp */; };
		D6DA664E23258F6F00953C5B /* xxGraphic.cpp in Sources */ = {isa = PBXBuildFile; fileRef = D644A0A3231EDE9A00B75B77 /* xxGraphic.cpp */; };
		D6DA664F23258F7A00953C5B /* xxGraphicNULL.cpp in Sources */ = {isa = PBXBuildFile; fileRef = D644A0A6231EDE9B00B75B77 /* xxGraphicNULL.cpp */; };
		D6DA665023258F8E00953C5B /* xxSystem.cpp in Sources */ = {isa = PBXBuildFile; fileRef = D644A0A2231EDE9A00B75B77 /* xxSystem.cpp */; };
		D6F389162329638F00EE9716 /* Metal.framework in Frameworks */ = {isa = PBXBuildFile; fileRef = D6A727F423240EAA009981AD /* Metal.framework */; settings = {ATTRIBUTES = (Weak, ); }; };
/* End PBXBuildFile section */

/* Begin PBXCopyFilesBuildPhase section */
		D6022C4023258BB600B9BFB8 /* CopyFiles */ = {
			isa = PBXCopyFilesBuildPhase;
			buildActionMask = 2147483647;
			dstPath = "include/$(PRODUCT_NAME)";
			dstSubfolderSpec = 16;
			files = (
			);
			runOnlyForDeploymentPostprocessing = 0;
		};
/* End PBXCopyFilesBuildPhase section */

/* Begin PBXFileReference section */
		D6022C4223258BB600B9BFB8 /* libxxGraphic.a */ = {isa = PBXFileReference; explicitFileType = archive.ar; includeInIndex = 0; path = libxxGraphic.a; sourceTree = BUILT_PRODUCTS_DIR; };
		D644A092231EDDFA00B75B77 /* libxxGraphic.dylib */ = {isa = PBXFileReference; explicitFileType = "compiled.mach-o.dylib"; includeInIndex = 0; path = libxxGraphic.dylib; sourceTree = BUILT_PRODUCTS_DIR; };
		D644A0A0231EDE9A00B75B77 /* xxGraphicNULL.h */ = {isa = PBXFileReference; fileEncoding = 4; lastKnownFileType = sourcecode.c.h; name = xxGraphicNULL.h; path = ../graphic/xxGraphicNULL.h; sourceTree = "<group>"; };
		D644A0A1231EDE9A00B75B77 /* xxGraphicGL.h */ = {isa = PBXFileReference; fileEncoding = 4; lastKnownFileType = sourcecode.c.h; name = xxGraphicGL.h; path = ../graphic/xxGraphicGL.h; sourceTree = "<group>"; };
		D644A0A2231EDE9A00B75B77 /* xxSystem.cpp */ = {isa = PBXFileReference; fileEncoding = 4; lastKnownFileType = sourcecode.cpp.cpp; name = xxSystem.cpp; path = ../graphic/xxSystem.cpp; sourceTree = "<group>"; };
		D644A0A3231EDE9A00B75B77 /* xxGraphic.cpp */ = {isa = PBXFileReference; fileEncoding = 4; lastKnownFileType = sourcecode.cpp.cpp; name = xxGraphic.cpp; path = ../graphic/xxGraphic.cpp; sourceTree = "<group>"; };
		D644A0A4231EDE9B00B75B77 /* xxGraphic.h */ = {isa = PBXFileReference; fileEncoding = 4; lastKnownFileType = sourcecode.c.h; name = xxGraphic.h; path = ../graphic/xxGraphic.h; sourceTree = "<group>"; };
		D644A0A5231EDE9B00B75B77 /* xxGraphicGLES2.cpp */ = {isa = PBXFileReference; fileEncoding = 4; lastKnownFileType = sourcecode.cpp.cpp; name = xxGraphicGLES2.cpp; path = ../graphic/xxGraphicGLES2.cpp; sourceTree = "<group>"; };
		D644A0A6231EDE9B00B75B77 /* xxGraphicNULL.cpp */ = {isa = PBXFileReference; fileEncoding = 4; lastKnownFileType = sourcecode.cpp.cpp; name = xxGraphicNULL.cpp; path = ../graphic/xxGraphicNULL.cpp; sourceTree = "<group>"; };
		D644A0A7231EDE9B00B75B77 /* xxGraphicGLES2.h */ = {isa = PBXFileReference; fileEncoding = 4; lastKnownFileType = sourcecode.c.h; name = xxGraphicGLES2.h; path = ../graphic/xxGraphicGLES2.h; sourceTree = "<group>"; };
		D644A0A8231EDE9B00B75B77 /* xxSystem.h */ = {isa = PBXFileReference; fileEncoding = 4; lastKnownFileType = sourcecode.c.h; name = xxSystem.h; path = ../graphic/xxSystem.h; sourceTree = "<group>"; };
		D644A0A9231EDE9B00B75B77 /* xxGraphicGL.cpp */ = {isa = PBXFileReference; fileEncoding = 4; lastKnownFileType = sourcecode.cpp.cpp; name = xxGraphicGL.cpp; path = ../graphic/xxGraphicGL.cpp; sourceTree = "<group>"; };
		D644A0B5231EDEBB00B75B77 /* gl2.h */ = {isa = PBXFileReference; fileEncoding = 4; lastKnownFileType = sourcecode.c.h; name = gl2.h; path = ../graphic/gl/gl2.h; sourceTree = "<group>"; };
		D644A0B6231EDEBB00B75B77 /* gl2platform.h */ = {isa = PBXFileReference; fileEncoding = 4; lastKnownFileType = sourcecode.c.h; name = gl2platform.h; path = ../graphic/gl/gl2platform.h; sourceTree = "<group>"; };
		D644A0B7231EDEBB00B75B77 /* khrplatform.h */ = {isa = PBXFileReference; fileEncoding = 4; lastKnownFileType = sourcecode.c.h; name = khrplatform.h; path = ../graphic/gl/khrplatform.h; sourceTree = "<group>"; };
		D644A0B8231EDEBB00B75B77 /* gl2ext.h */ = {isa = PBXFileReference; fileEncoding = 4; lastKnownFileType = sourcecode.c.h; name = gl2ext.h; path = ../graphic/gl/gl2ext.h; sourceTree = "<group>"; };
		D6A72796232310F2009981AD /* xxGraphicD3DAsm.h */ = {isa = PBXFileReference; fileEncoding = 4; lastKnownFileType = sourcecode.c.h; name = xxGraphicD3DAsm.h; path = ../graphic/xxGraphicD3DAsm.h; sourceTree = "<group>"; };
		D6A72797232310F2009981AD /* xxGraphicD3D11On12.cpp */ = {isa = PBXFileReference; fileEncoding = 4; lastKnownFileType = sourcecode.cpp.cpp; name = xxGraphicD3D11On12.cpp; path = ../graphic/xxGraphicD3D11On12.cpp; sourceTree = "<group>"; };
		D6A72798232310F3009981AD /* xxGraphicD3D8PS.h */ = {isa = PBXFileReference; fileEncoding = 4; lastKnownFileType = sourcecode.c.h; name = xxGraphicD3D8PS.h; path = ../graphic/xxGraphicD3D8PS.h; sourceTree = "<group>"; };
		D6A72799232310F3009981AD /* xxGraphicD3D11.cpp */ = {isa = PBXFileReference; fileEncoding = 4; lastKnownFileType = sourcecode.cpp.cpp; name = xxGraphicD3D11.cpp; path = ../graphic/xxGraphicD3D11.cpp; sourceTree = "<group>"; };
		D6A7279A232310F3009981AD /* xxGraphicD3D9PS.cpp */ = {isa = PBXFileReference; fileEncoding = 4; lastKnownFileType = sourcecode.cpp.cpp; name = xxGraphicD3D9PS.cpp; path = ../graphic/xxGraphicD3D9PS.cpp; sourceTree = "<group>"; };
		D6A7279B232310F3009981AD /* xxGraphicD3D8.cpp */ = {isa = PBXFileReference; fileEncoding = 4; lastKnownFileType = sourcecode.cpp.cpp; name = xxGraphicD3D8.cpp; path = ../graphic/xxGraphicD3D8.cpp; sourceTree = "<group>"; };
		D6A7279C232310F3009981AD /* xxGraphicD3D11.h */ = {isa = PBXFileReference; fileEncoding = 4; lastKnownFileType = sourcecode.c.h; name = xxGraphicD3D11.h; path = ../graphic/xxGraphicD3D11.h; sourceTree = "<group>"; };
		D6A7279D232310F3009981AD /* xxGraphicD3D9.cpp */ = {isa = PBXFileReference; fileEncoding = 4; lastKnownFileType = sourcecode.cpp.cpp; name = xxGraphicD3D9.cpp; path = ../graphic/xxGraphicD3D9.cpp; sourceTree = "<group>"; };
		D6A7279E232310F3009981AD /* xxGraphicD3D12.h */ = {isa = PBXFileReference; fileEncoding = 4; lastKnownFileType = sourcecode.c.h; name = xxGraphicD3D12.h; path = ../graphic/xxGraphicD3D12.h; sourceTree = "<group>"; };
		D6A7279F232310F3009981AD /* xxGraphicD3D10_1.cpp */ = {isa = PBXFileReference; fileEncoding = 4; lastKnownFileType = sourcecode.cpp.cpp; name = xxGraphicD3D10_1.cpp; path = ../graphic/xxGraphicD3D10_1.cpp; sourceTree = "<group>"; };
		D6A727A0232310F3009981AD /* xxGraphicD3D10_1.h */ = {isa = PBXFileReference; fileEncoding = 4; lastKnownFileType = sourcecode.c.h; name = xxGraphicD3D10_1.h; path = ../graphic/xxGraphicD3D10_1.h; sourceTree = "<group>"; };
		D6A727A1232310F3009981AD /* xxGraphicD3D10.cpp */ = {isa = PBXFileReference; fileEncoding = 4; lastKnownFileType = sourcecode.cpp.cpp; name = xxGraphicD3D10.cpp; path = ../graphic/xxGraphicD3D10.cpp; sourceTree = "<group>"; };
		D6A727A2232310F3009981AD /* xxGraphicD3D.h */ = {isa = PBXFileReference; fileEncoding = 4; lastKnownFileType = sourcecode.c.h; name = xxGraphicD3D.h; path = ../graphic/xxGraphicD3D.h; sourceTree = "<group>"; };
		D6A727A3232310F3009981AD /* xxGraphicD3D12.cpp */ = {isa = PBXFileReference; fileEncoding = 4; lastKnownFileType = sourcecode.cpp.cpp; name = xxGraphicD3D12.cpp; path = ../graphic/xxGraphicD3D12.cpp; sourceTree = "<group>"; };
		D6A727A4232310F3009981AD /* xxGraphicD3DAsm.cpp */ = {isa = PBXFileReference; fileEncoding = 4; lastKnownFileType = sourcecode.cpp.cpp; name = xxGraphicD3DAsm.cpp; path = ../graphic/xxGraphicD3DAsm.cpp; sourceTree = "<group>"; };
		D6A727A5232310F3009981AD /* xxGraphicD3D11On12.h */ = {isa = PBXFileReference; fileEncoding = 4; lastKnownFileType = sourcecode.c.h; name = xxGraphicD3D11On12.h; path = ../graphic/xxGraphicD3D11On12.h; sourceTree = "<group>"; };
		D6A727A6232310F3009981AD /* xxGraphicD3D9Ex.h */ = {isa = PBXFileReference; fileEncoding = 4; lastKnownFileType = sourcecode.c.h; name = xxGraphicD3D9Ex.h; path = ../graphic/xxGraphicD3D9Ex.h; sourceTree = "<group>"; };
		D6A727A7232310F4009981AD /* xxGraphicD3D8PS.cpp */ = {isa = PBXFileReference; fileEncoding = 4; lastKnownFileType = sourcecode.cpp.cpp; name = xxGraphicD3D8PS.cpp; path = ../graphic/xxGraphicD3D8PS.cpp; sourceTree = "<group>"; };
		D6A727A8232310F4009981AD /* xxGraphicD3D9PS.h */ = {isa = PBXFileReference; fileEncoding = 4; lastKnownFileType = sourcecode.c.h; name = xxGraphicD3D9PS.h; path = ../graphic/xxGraphicD3D9PS.h; sourceTree = "<group>"; };
		D6A727A9232310F4009981AD /* xxGraphicD3D8.h */ = {isa = PBXFileReference; fileEncoding = 4; lastKnownFileType = sourcecode.c.h; name = xxGraphicD3D8.h; path = ../graphic/xxGraphicD3D8.h; sourceTree = "<group>"; };
		D6A727AA232310F4009981AD /* xxGraphicD3D10.h */ = {isa = PBXFileReference; fileEncoding = 4; lastKnownFileType = sourcecode.c.h; name = xxGraphicD3D10.h; path = ../graphic/xxGraphicD3D10.h; sourceTree = "<group>"; };
		D6A727AB232310F4009981AD /* xxGraphicD3D9On12.cpp */ = {isa = PBXFileReference; fileEncoding = 4; lastKnownFileType = sourcecode.cpp.cpp; name = xxGraphicD3D9On12.cpp; path = ../graphic/xxGraphicD3D9On12.cpp; sourceTree = "<group>"; };
		D6A727AC232310F4009981AD /* xxGraphicD3D9.h */ = {isa = PBXFileReference; fileEncoding = 4; lastKnownFileType = sourcecode.c.h; name = xxGraphicD3D9.h; path = ../graphic/xxGraphicD3D9.h; sourceTree = "<group>"; };
		D6A727AD232310F4009981AD /* xxGraphicD3D9Ex.cpp */ = {isa = PBXFileReference; fileEncoding = 4; lastKnownFileType = sourcecode.cpp.cpp; name = xxGraphicD3D9Ex.cpp; path = ../graphic/xxGraphicD3D9Ex.cpp; sourceTree = "<group>"; };
		D6A727AE232310F4009981AD /* xxGraphicD3D9On12.h */ = {isa = PBXFileReference; fileEncoding = 4; lastKnownFileType = sourcecode.c.h; name = xxGraphicD3D9On12.h; path = ../graphic/xxGraphicD3D9On12.h; sourceTree = "<group>"; };
		D6A727C923231137009981AD /* d3d10TokenizedProgramFormat.hpp */ = {isa = PBXFileReference; fileEncoding = 4; lastKnownFileType = sourcecode.cpp.h; name = d3d10TokenizedProgramFormat.hpp; path = ../graphic/dxsdk/d3d10TokenizedProgramFormat.hpp; sourceTree = "<group>"; };
		D6A727CA23231137009981AD /* d3d9types.h */ = {isa = PBXFileReference; fileEncoding = 4; lastKnownFileType = sourcecode.c.h; name = d3d9types.h; path = ../graphic/dxsdk/d3d9types.h; sourceTree = "<group>"; };
		D6A727CB23231137009981AD /* d3d8.h */ = {isa = PBXFileReference; fileEncoding = 4; lastKnownFileType = sourcecode.c.h; name = d3d8.h; path = ../graphic/dxsdk/d3d8.h; sourceTree = "<group>"; };
		D6A727CC23231137009981AD /* d3d9caps.h */ = {isa = PBXFileReference; fileEncoding = 4; lastKnownFileType = sourcecode.c.h; name = d3d9caps.h; path = ../graphic/dxsdk/d3d9caps.h; sourceTree = "<group>"; };
		D6A727CD23231137009981AD /* d3d9on12.h */ = {isa = PBXFileReference; fileEncoding = 4; lastKnownFileType = sourcecode.c.h; name = d3d9on12.h; path = ../graphic/dxsdk/d3d9on12.h; sourceTree = "<group>"; };
		D6A727CE23231137009981AD /* d3d8caps.h */ = {isa = PBXFileReference; fileEncoding = 4; lastKnownFileType = sourcecode.c.h; name = d3d8caps.h; path = ../graphic/dxsdk/d3d8caps.h; sourceTree = "<group>"; };
		D6A727CF23231137009981AD /* d3d9.h */ = {isa = PBXFileReference; fileEncoding = 4; lastKnownFileType = sourcecode.c.h; name = d3d9.h; path = ../graphic/dxsdk/d3d9.h; sourceTree = "<group>"; };
		D6A727D023231137009981AD /* d3d8types.h */ = {isa = PBXFileReference; fileEncoding = 4; lastKnownFileType = sourcecode.c.h; name = d3d8types.h; path = ../graphic/dxsdk/d3d8types.h; sourceTree = "<group>"; };
		D6A727DA23231153009981AD /* xxGraphicMantleAsm.cpp */ = {isa = PBXFileReference; fileEncoding = 4; lastKnownFileType = sourcecode.cpp.cpp; name = xxGraphicMantleAsm.cpp; path = ../graphic/xxGraphicMantleAsm.cpp; sourceTree = "<group>"; };
		D6A727DB23231154009981AD /* xxGraphicMantle.cpp */ = {isa = PBXFileReference; fileEncoding = 4; lastKnownFileType = sourcecode.cpp.cpp; name = xxGraphicMantle.cpp; path = ../graphic/xxGraphicMantle.cpp; sourceTree = "<group>"; };
		D6A727DC23231154009981AD /* xxGraphicMantleAsm.h */ = {isa = PBXFileReference; fileEncoding = 4; lastKnownFileType = sourcecode.c.h; name = xxGraphicMantleAsm.h; path = ../graphic/xxGraphicMantleAsm.h; sourceTree = "<group>"; };
		D6A727DD23231154009981AD /* xxGraphicMantle.h */ = {isa = PBXFileReference; fileEncoding = 4; lastKnownFileType = sourcecode.c.h; name = xxGraphicMantle.h; path = ../graphic/xxGraphicMantle.h; sourceTree = "<group>"; };
		D6A727E32323116D009981AD /* mantleWsiWinExt.h */ = {isa = PBXFileReference; fileEncoding = 4; lastKnownFileType = sourcecode.c.h; name = mantleWsiWinExt.h; path = ../graphic/mantle/mantleWsiWinExt.h; sourceTree = "<group>"; };
		D6A727E42323116D009981AD /* amdil.h */ = {isa = PBXFileReference; fileEncoding = 4; lastKnownFileType = sourcecode.c.h; name = amdil.h; path = ../graphic/mantle/amdil.h; sourceTree = "<group>"; };
		D6A727E52323116D009981AD /* mantle.h */ = {isa = PBXFileReference; fileEncoding = 4; lastKnownFileType = sourcecode.c.h; name = mantle.h; path = ../graphic/mantle/mantle.h; sourceTree = "<group>"; };
		D6A727E92323117F009981AD /* xxGraphicInternal.h */ = {isa = PBXFileReference; fileEncoding = 4; lastKnownFileType = sourcecode.c.h; name = xxGraphicInternal.h; path = ../graphic/xxGraphicInternal.h; sourceTree = "<group>"; };
		D6A727EA2323117F009981AD /* xxGraphicWGL.cpp */ = {isa = PBXFileReference; fileEncoding = 4; lastKnownFileType = sourcecode.cpp.cpp; name = xxGraphicWGL.cpp; path = ../graphic/xxGraphicWGL.cpp; sourceTree = "<group>"; };
		D6A727EB23231180009981AD /* xxGraphicWGL.h */ = {isa = PBXFileReference; fileEncoding = 4; lastKnownFileType = sourcecode.c.h; name = xxGraphicWGL.h; path = ../graphic/xxGraphicWGL.h; sourceTree = "<group>"; };
		D6A727F0232318E4009981AD /* xxGraphicMetal.h */ = {isa = PBXFileReference; fileEncoding = 4; lastKnownFileType = sourcecode.c.h; name = xxGraphicMetal.h; path = ../graphic/xxGraphicMetal.h; sourceTree = "<group>"; };
		D6A727F1232318E4009981AD /* xxGraphicMetal.mm */ = {isa = PBXFileReference; fileEncoding = 4; lastKnownFileType = sourcecode.cpp.objcpp; name = xxGraphicMetal.mm; path = ../graphic/xxGraphicMetal.mm; sourceTree = "<group>"; };
		D6A727F423240EAA009981AD /* Metal.framework */ = {isa = PBXFileReference; lastKnownFileType = wrapper.framework; name = Metal.framework; path = System/Library/Frameworks/Metal.framework; sourceTree = SDKROOT; };
		D6A727F6232414A7009981AD /* QuartzCore.framework */ = {isa = PBXFileReference; lastKnownFileType = wrapper.framework; name = QuartzCore.framework; path = System/Library/Frameworks/QuartzCore.framework; sourceTree = SDKROOT; };
		D6A727FA232424DF009981AD /* CoreVideo.framework */ = {isa = PBXFileReference; lastKnownFileType = wrapper.framework; name = CoreVideo.framework; path = System/Library/Frameworks/CoreVideo.framework; sourceTree = SDKROOT; };
		D6A727FD23242545009981AD /* CoreFoundation.framework */ = {isa = PBXFileReference; lastKnownFileType = wrapper.framework; name = CoreFoundation.framework; path = System/Library/Frameworks/CoreFoundation.framework; sourceTree = SDKROOT; };
		D6B33854232020990096D02F /* xxGraphicCGL.mm */ = {isa = PBXFileReference; fileEncoding = 4; lastKnownFileType = sourcecode.cpp.objcpp; name = xxGraphicCGL.mm; path = ../graphic/xxGraphicCGL.mm; sourceTree = "<group>"; };
		D6B33855232020990096D02F /* xxGraphicCGL.h */ = {isa = PBXFileReference; fileEncoding = 4; lastKnownFileType = sourcecode.c.h; name = xxGraphicCGL.h; path = ../graphic/xxGraphicCGL.h; sourceTree = "<group>"; };
		D6B3385A232043FE0096D02F /* OpenGL.framework */ = {isa = PBXFileReference; lastKnownFileType = wrapper.framework; name = OpenGL.framework; path = System/Library/Frameworks/OpenGL.framework; sourceTree = SDKROOT; };
		D6B3385C232044100096D02F /* Cocoa.framework */ = {isa = PBXFileReference; lastKnownFileType = wrapper.framework; name = Cocoa.framework; path = System/Library/Frameworks/Cocoa.framework; sourceTree = SDKROOT; };
		D6D0AA6323283A3D0044D0CF /* xxGraphicEAGL.mm */ = {isa = PBXFileReference; fileEncoding = 4; lastKnownFileType = sourcecode.cpp.objcpp; name = xxGraphicEAGL.mm; path = ../graphic/xxGraphicEAGL.mm; sourceTree = "<group>"; };
		D6D0AA6423283A3E0044D0CF /* xxGraphicEAGL.h */ = {isa = PBXFileReference; fileEncoding = 4; lastKnownFileType = sourcecode.c.h; name = xxGraphicEAGL.h; path = ../graphic/xxGraphicEAGL.h; sourceTree = "<group>"; };
/* End PBXFileReference section */

/* Begin PBXFrameworksBuildPhase section */
		D6022C3F23258BB600B9BFB8 /* Frameworks */ = {
			isa = PBXFrameworksBuildPhase;
			buildActionMask = 2147483647;
			files = (
			);
			runOnlyForDeploymentPostprocessing = 0;
		};
		D644A090231EDDFA00B75B77 /* Frameworks */ = {
			isa = PBXFrameworksBuildPhase;
			buildActionMask = 2147483647;
			files = (
				D6B3385D232044100096D02F /* Cocoa.framework in Frameworks */,
				D6F389162329638F00EE9716 /* Metal.framework in Frameworks */,
				D6A727F7232414A7009981AD /* QuartzCore.framework in Frameworks */,
			);
			runOnlyForDeploymentPostprocessing = 0;
		};
/* End PBXFrameworksBuildPhase section */

/* Begin PBXGroup section */
		D644A089231EDDFA00B75B77 = {
			isa = PBXGroup;
			children = (
				D6A72795232310E1009981AD /* Direct3D */,
				D6A727D92323113F009981AD /* Mantle */,
				D6A727EF232318C7009981AD /* Metal */,
				D6CA4E292327F563008FFA94 /* NULL */,
				D6B338582320214C0096D02F /* OpenGL */,
				D644A0A3231EDE9A00B75B77 /* xxGraphic.cpp */,
				D644A0A4231EDE9B00B75B77 /* xxGraphic.h */,
				D6A727E92323117F009981AD /* xxGraphicInternal.h */,
				D644A0A2231EDE9A00B75B77 /* xxSystem.cpp */,
				D644A0A8231EDE9B00B75B77 /* xxSystem.h */,
				D644A093231EDDFA00B75B77 /* Products */,
				D6B33859232043FD0096D02F /* Frameworks */,
			);
			sourceTree = "<group>";
		};
		D644A093231EDDFA00B75B77 /* Products */ = {
			isa = PBXGroup;
			children = (
				D644A092231EDDFA00B75B77 /* libxxGraphic.dylib */,
				D6022C4223258BB600B9BFB8 /* libxxGraphic.a */,
			);
			name = Products;
			sourceTree = "<group>";
		};
		D644A0B4231EDEA400B75B77 /* gl */ = {
			isa = PBXGroup;
			children = (
				D644A0B5231EDEBB00B75B77 /* gl2.h */,
				D644A0B8231EDEBB00B75B77 /* gl2ext.h */,
				D644A0B6231EDEBB00B75B77 /* gl2platform.h */,
				D644A0B7231EDEBB00B75B77 /* khrplatform.h */,
			);
			name = gl;
			sourceTree = "<group>";
		};
		D6A72795232310E1009981AD /* Direct3D */ = {
			isa = PBXGroup;
			children = (
				D6A727C823231125009981AD /* dxsdk */,
				D6A727A2232310F3009981AD /* xxGraphicD3D.h */,
				D6A7279B232310F3009981AD /* xxGraphicD3D8.cpp */,
				D6A727A9232310F4009981AD /* xxGraphicD3D8.h */,
				D6A727A7232310F4009981AD /* xxGraphicD3D8PS.cpp */,
				D6A72798232310F3009981AD /* xxGraphicD3D8PS.h */,
				D6A7279D232310F3009981AD /* xxGraphicD3D9.cpp */,
				D6A727AC232310F4009981AD /* xxGraphicD3D9.h */,
				D6A727AD232310F4009981AD /* xxGraphicD3D9Ex.cpp */,
				D6A727A6232310F3009981AD /* xxGraphicD3D9Ex.h */,
				D6A727AB232310F4009981AD /* xxGraphicD3D9On12.cpp */,
				D6A727AE232310F4009981AD /* xxGraphicD3D9On12.h */,
				D6A7279A232310F3009981AD /* xxGraphicD3D9PS.cpp */,
				D6A727A8232310F4009981AD /* xxGraphicD3D9PS.h */,
				D6A7279F232310F3009981AD /* xxGraphicD3D10_1.cpp */,
				D6A727A0232310F3009981AD /* xxGraphicD3D10_1.h */,
				D6A727A1232310F3009981AD /* xxGraphicD3D10.cpp */,
				D6A727AA232310F4009981AD /* xxGraphicD3D10.h */,
				D6A72799232310F3009981AD /* xxGraphicD3D11.cpp */,
				D6A7279C232310F3009981AD /* xxGraphicD3D11.h */,
				D6A72797232310F2009981AD /* xxGraphicD3D11On12.cpp */,
				D6A727A5232310F3009981AD /* xxGraphicD3D11On12.h */,
				D6A727A3232310F3009981AD /* xxGraphicD3D12.cpp */,
				D6A7279E232310F3009981AD /* xxGraphicD3D12.h */,
				D6A727A4232310F3009981AD /* xxGraphicD3DAsm.cpp */,
				D6A72796232310F2009981AD /* xxGraphicD3DAsm.h */,
			);
			name = Direct3D;
			sourceTree = "<group>";
		};
		D6A727C823231125009981AD /* dxsdk */ = {
			isa = PBXGroup;
			children = (
				D6A727CB23231137009981AD /* d3d8.h */,
				D6A727CE23231137009981AD /* d3d8caps.h */,
				D6A727D023231137009981AD /* d3d8types.h */,
				D6A727CF23231137009981AD /* d3d9.h */,
				D6A727CC23231137009981AD /* d3d9caps.h */,
				D6A727CD23231137009981AD /* d3d9on12.h */,
				D6A727CA23231137009981AD /* d3d9types.h */,
				D6A727C923231137009981AD /* d3d10TokenizedProgramFormat.hpp */,
			);
			name = dxsdk;
			sourceTree = "<group>";
		};
		D6A727D92323113F009981AD /* Mantle */ = {
			isa = PBXGroup;
			children = (
				D6A727E22323115B009981AD /* mantle */,
				D6A727DB23231154009981AD /* xxGraphicMantle.cpp */,
				D6A727DD23231154009981AD /* xxGraphicMantle.h */,
				D6A727DA23231153009981AD /* xxGraphicMantleAsm.cpp */,
				D6A727DC23231154009981AD /* xxGraphicMantleAsm.h */,
			);
			name = Mantle;
			sourceTree = "<group>";
		};
		D6A727E22323115B009981AD /* mantle */ = {
			isa = PBXGroup;
			children = (
				D6A727E42323116D009981AD /* amdil.h */,
				D6A727E52323116D009981AD /* mantle.h */,
				D6A727E32323116D009981AD /* mantleWsiWinExt.h */,
			);
			name = mantle;
			sourceTree = "<group>";
		};
		D6A727EF232318C7009981AD /* Metal */ = {
			isa = PBXGroup;
			children = (
				D6A727F0232318E4009981AD /* xxGraphicMetal.h */,
				D6A727F1232318E4009981AD /* xxGraphicMetal.mm */,
			);
			name = Metal;
			sourceTree = "<group>";
		};
		D6B338582320214C0096D02F /* OpenGL */ = {
			isa = PBXGroup;
			children = (
				D644A0B4231EDEA400B75B77 /* gl */,
				D6B33855232020990096D02F /* xxGraphicCGL.h */,
				D6B33854232020990096D02F /* xxGraphicCGL.mm */,
				D6D0AA6423283A3E0044D0CF /* xxGraphicEAGL.h */,
				D6D0AA6323283A3D0044D0CF /* xxGraphicEAGL.mm */,
				D644A0A9231EDE9B00B75B77 /* xxGraphicGL.cpp */,
				D644A0A1231EDE9A00B75B77 /* xxGraphicGL.h */,
				D644A0A5231EDE9B00B75B77 /* xxGraphicGLES2.cpp */,
				D644A0A7231EDE9B00B75B77 /* xxGraphicGLES2.h */,
				D6A727EA2323117F009981AD /* xxGraphicWGL.cpp */,
				D6A727EB23231180009981AD /* xxGraphicWGL.h */,
			);
			name = OpenGL;
			sourceTree = "<group>";
		};
		D6B33859232043FD0096D02F /* Frameworks */ = {
			isa = PBXGroup;
			children = (
				D6A727FD23242545009981AD /* CoreFoundation.framework */,
				D6A727FA232424DF009981AD /* CoreVideo.framework */,
				D6A727F6232414A7009981AD /* QuartzCore.framework */,
				D6A727F423240EAA009981AD /* Metal.framework */,
				D6B3385C232044100096D02F /* Cocoa.framework */,
				D6B3385A232043FE0096D02F /* OpenGL.framework */,
			);
			name = Frameworks;
			sourceTree = "<group>";
		};
		D6CA4E292327F563008FFA94 /* NULL */ = {
			isa = PBXGroup;
			children = (
				D644A0A6231EDE9B00B75B77 /* xxGraphicNULL.cpp */,
				D644A0A0231EDE9A00B75B77 /* xxGraphicNULL.h */,
			);
			name = NULL;
			sourceTree = "<group>";
		};
/* End PBXGroup section */

/* Begin PBXHeadersBuildPhase section */
		D644A08E231EDDFA00B75B77 /* Headers */ = {
			isa = PBXHeadersBuildPhase;
			buildActionMask = 2147483647;
			files = (
				D644A0AE231EDE9B00B75B77 /* xxGraphic.h in Headers */,
				D6A727BB232310F4009981AD /* xxGraphicD3D.h in Headers */,
				D6A727C2232310F4009981AD /* xxGraphicD3D8.h in Headers */,
				D6A727B1232310F4009981AD /* xxGraphicD3D8PS.h in Headers */,
				D6A727C5232310F4009981AD /* xxGraphicD3D9.h in Headers */,
				D6A727BF232310F4009981AD /* xxGraphicD3D9Ex.h in Headers */,
				D6A727C7232310F4009981AD /* xxGraphicD3D9On12.h in Headers */,
				D6A727C1232310F4009981AD /* xxGraphicD3D9PS.h in Headers */,
				D6A727C3232310F4009981AD /* xxGraphicD3D10.h in Headers */,
				D6D0AA6623283A3E0044D0CF /* xxGraphicEAGL.h in Headers */,
				D6A727B9232310F4009981AD /* xxGraphicD3D10_1.h in Headers */,
				D6A727B5232310F4009981AD /* xxGraphicD3D11.h in Headers */,
				D6A727BE232310F4009981AD /* xxGraphicD3D11On12.h in Headers */,
				D6A727B7232310F4009981AD /* xxGraphicD3D12.h in Headers */,
				D6A727AF232310F4009981AD /* xxGraphicD3DAsm.h in Headers */,
				D644A0AB231EDE9B00B75B77 /* xxGraphicGL.h in Headers */,
				D644A0B1231EDE9B00B75B77 /* xxGraphicGLES2.h in Headers */,
				D6B338572320209A0096D02F /* xxGraphicCGL.h in Headers */,
				D6A727EE23231180009981AD /* xxGraphicWGL.h in Headers */,
				D6A727EC23231180009981AD /* xxGraphicInternal.h in Headers */,
				D6A727E123231154009981AD /* xxGraphicMantle.h in Headers */,
				D6A727E023231154009981AD /* xxGraphicMantleAsm.h in Headers */,
				D6A727F2232318E4009981AD /* xxGraphicMetal.h in Headers */,
				D644A0AA231EDE9B00B75B77 /* xxGraphicNULL.h in Headers */,
				D644A0B2231EDE9B00B75B77 /* xxSystem.h in Headers */,
			);
			runOnlyForDeploymentPostprocessing = 0;
		};
/* End PBXHeadersBuildPhase section */

/* Begin PBXNativeTarget section */
		D6022C4123258BB600B9BFB8 /* xxGraphic (iOS) */ = {
			isa = PBXNativeTarget;
			buildConfigurationList = D6022C4823258BB600B9BFB8 /* Build configuration list for PBXNativeTarget "xxGraphic (iOS)" */;
			buildPhases = (
				D6022C3E23258BB600B9BFB8 /* Sources */,
				D6022C3F23258BB600B9BFB8 /* Frameworks */,
				D6022C4023258BB600B9BFB8 /* CopyFiles */,
			);
			buildRules = (
			);
			dependencies = (
			);
			name = "xxGraphic (iOS)";
			productName = "xxGraphic (iOS)";
			productReference = D6022C4223258BB600B9BFB8 /* libxxGraphic.a */;
			productType = "com.apple.product-type.library.static";
		};
		D644A091231EDDFA00B75B77 /* xxGraphic (macOS) */ = {
			isa = PBXNativeTarget;
			buildConfigurationList = D644A09D231EDDFA00B75B77 /* Build configuration list for PBXNativeTarget "xxGraphic (macOS)" */;
			buildPhases = (
				D644A08E231EDDFA00B75B77 /* Headers */,
				D644A08F231EDDFA00B75B77 /* Sources */,
				D644A090231EDDFA00B75B77 /* Frameworks */,
			);
			buildRules = (
			);
			dependencies = (
			);
			name = "xxGraphic (macOS)";
			productName = xxGraphic;
			productReference = D644A092231EDDFA00B75B77 /* libxxGraphic.dylib */;
			productType = "com.apple.product-type.library.dynamic";
		};
/* End PBXNativeTarget section */

/* Begin PBXProject section */
		D644A08A231EDDFA00B75B77 /* Project object */ = {
			isa = PBXProject;
			attributes = {
				LastUpgradeCheck = 1030;
				TargetAttributes = {
					D6022C4123258BB600B9BFB8 = {
						CreatedOnToolsVersion = 11.0;
					};
					D644A091231EDDFA00B75B77 = {
						CreatedOnToolsVersion = 10.3;
					};
				};
			};
			buildConfigurationList = D644A08D231EDDFA00B75B77 /* Build configuration list for PBXProject "xxGraphic" */;
			compatibilityVersion = "Xcode 9.3";
			developmentRegion = en;
			hasScannedForEncodings = 0;
			knownRegions = (
				en,
				Base,
			);
			mainGroup = D644A089231EDDFA00B75B77;
			productRefGroup = D644A093231EDDFA00B75B77 /* Products */;
			projectDirPath = "";
			projectRoot = "";
			targets = (
				D644A091231EDDFA00B75B77 /* xxGraphic (macOS) */,
				D6022C4123258BB600B9BFB8 /* xxGraphic (iOS) */,
			);
		};
/* End PBXProject section */

/* Begin PBXSourcesBuildPhase section */
		D6022C3E23258BB600B9BFB8 /* Sources */ = {
			isa = PBXSourcesBuildPhase;
			buildActionMask = 2147483647;
			files = (
				D6DA664E23258F6F00953C5B /* xxGraphic.cpp in Sources */,
				D6DA664C23258F6F00953C5B /* xxGraphicGL.cpp in Sources */,
				D6DA664D23258F6F00953C5B /* xxGraphicGLES2.cpp in Sources */,
				D6B70EC823283AEC000FFCBB /* xxGraphicEAGL.mm in Sources */,
				D6DA664B23258F6F00953C5B /* xxGraphicMetal.mm in Sources */,
				D6DA664F23258F7A00953C5B /* xxGraphicNULL.cpp in Sources */,
				D6DA665023258F8E00953C5B /* xxSystem.cpp in Sources */,
			);
			runOnlyForDeploymentPostprocessing = 0;
		};
		D644A08F231EDDFA00B75B77 /* Sources */ = {
			isa = PBXSourcesBuildPhase;
			buildActionMask = 2147483647;
			files = (
				D644A0AD231EDE9B00B75B77 /* xxGraphic.cpp in Sources */,
				D644A0B3231EDE9B00B75B77 /* xxGraphicGL.cpp in Sources */,
				D644A0AF231EDE9B00B75B77 /* xxGraphicGLES2.cpp in Sources */,
				D6B338562320209A0096D02F /* xxGraphicCGL.mm in Sources */,
				D6A727F3232318E4009981AD /* xxGraphicMetal.mm in Sources */,
				D644A0B0231EDE9B00B75B77 /* xxGraphicNULL.cpp in Sources */,
				D644A0AC231EDE9B00B75B77 /* xxSystem.cpp in Sources */,
			);
			runOnlyForDeploymentPostprocessing = 0;
		};
/* End PBXSourcesBuildPhase section */

/* Begin XCBuildConfiguration section */
		D6022C4923258BB600B9BFB8 /* Debug */ = {
			isa = XCBuildConfiguration;
			buildSettings = {
				SDKROOT = iphoneos;
				SYMROOT = ../lib;
			};
			name = Debug;
		};
		D6022C4A23258BB600B9BFB8 /* Release */ = {
			isa = XCBuildConfiguration;
			buildSettings = {
				SDKROOT = iphoneos;
				SYMROOT = ../lib;
				VALIDATE_PRODUCT = YES;
			};
			name = Release;
		};
		D644A09B231EDDFA00B75B77 /* Debug */ = {
			isa = XCBuildConfiguration;
			buildSettings = {
				ALWAYS_SEARCH_USER_PATHS = NO;
				CLANG_ANALYZER_NONNULL = YES;
				CLANG_ANALYZER_NUMBER_OBJECT_CONVERSION = YES_AGGRESSIVE;
				CLANG_CXX_LANGUAGE_STANDARD = "gnu++14";
				CLANG_CXX_LIBRARY = "libc++";
				CLANG_ENABLE_MODULES = YES;
				CLANG_ENABLE_OBJC_ARC = YES;
				CLANG_ENABLE_OBJC_WEAK = YES;
				CLANG_WARN_BLOCK_CAPTURE_AUTORELEASING = YES;
				CLANG_WARN_BOOL_CONVERSION = YES;
				CLANG_WARN_COMMA = YES;
				CLANG_WARN_CONSTANT_CONVERSION = YES;
				CLANG_WARN_DEPRECATED_OBJC_IMPLEMENTATIONS = YES;
				CLANG_WARN_DIRECT_OBJC_ISA_USAGE = YES_ERROR;
				CLANG_WARN_DOCUMENTATION_COMMENTS = YES;
				CLANG_WARN_EMPTY_BODY = YES;
				CLANG_WARN_ENUM_CONVERSION = YES;
				CLANG_WARN_INFINITE_RECURSION = YES;
				CLANG_WARN_INT_CONVERSION = YES;
				CLANG_WARN_NON_LITERAL_NULL_CONVERSION = YES;
				CLANG_WARN_OBJC_IMPLICIT_RETAIN_SELF = YES;
				CLANG_WARN_OBJC_LITERAL_CONVERSION = YES;
				CLANG_WARN_OBJC_ROOT_CLASS = YES_ERROR;
				CLANG_WARN_RANGE_LOOP_ANALYSIS = YES;
				CLANG_WARN_STRICT_PROTOTYPES = YES;
				CLANG_WARN_SUSPICIOUS_MOVE = YES;
				CLANG_WARN_UNGUARDED_AVAILABILITY = YES_AGGRESSIVE;
				CLANG_WARN_UNREACHABLE_CODE = YES;
				CLANG_WARN__DUPLICATE_METHOD_MATCH = YES;
				CODE_SIGN_IDENTITY = "-";
				COPY_PHASE_STRIP = NO;
				DEBUG_INFORMATION_FORMAT = dwarf;
				ENABLE_STRICT_OBJC_MSGSEND = YES;
				ENABLE_TESTABILITY = YES;
				GCC_C_LANGUAGE_STANDARD = gnu11;
				GCC_DYNAMIC_NO_PIC = NO;
				GCC_NO_COMMON_BLOCKS = YES;
				GCC_OPTIMIZATION_LEVEL = 0;
				GCC_PREPROCESSOR_DEFINITIONS = (
					"DEBUG=1",
					"$(inherited)",
				);
				GCC_WARN_64_TO_32_BIT_CONVERSION = YES;
				GCC_WARN_ABOUT_RETURN_TYPE = YES_ERROR;
				GCC_WARN_UNDECLARED_SELECTOR = YES;
				GCC_WARN_UNINITIALIZED_AUTOS = YES_AGGRESSIVE;
				GCC_WARN_UNUSED_FUNCTION = YES;
				GCC_WARN_UNUSED_VARIABLE = YES;
				IPHONEOS_DEPLOYMENT_TARGET = 9.0;
				MACOSX_DEPLOYMENT_TARGET = 10.13;
				OBJROOT = ../temp;
				ONLY_ACTIVE_ARCH = YES;
				PRODUCT_NAME = xxGraphic;
				SDKROOT = macosx;
				SKIP_INSTALL = YES;
				TARGETED_DEVICE_FAMILY = "1,2";
			};
			name = Debug;
		};
		D644A09C231EDDFA00B75B77 /* Release */ = {
			isa = XCBuildConfiguration;
			buildSettings = {
				ALWAYS_SEARCH_USER_PATHS = NO;
				CLANG_ANALYZER_NONNULL = YES;
				CLANG_ANALYZER_NUMBER_OBJECT_CONVERSION = YES_AGGRESSIVE;
				CLANG_CXX_LANGUAGE_STANDARD = "gnu++14";
				CLANG_CXX_LIBRARY = "libc++";
				CLANG_ENABLE_MODULES = YES;
				CLANG_ENABLE_OBJC_ARC = YES;
				CLANG_ENABLE_OBJC_WEAK = YES;
				CLANG_WARN_BLOCK_CAPTURE_AUTORELEASING = YES;
				CLANG_WARN_BOOL_CONVERSION = YES;
				CLANG_WARN_COMMA = YES;
				CLANG_WARN_CONSTANT_CONVERSION = YES;
				CLANG_WARN_DEPRECATED_OBJC_IMPLEMENTATIONS = YES;
				CLANG_WARN_DIRECT_OBJC_ISA_USAGE = YES_ERROR;
				CLANG_WARN_DOCUMENTATION_COMMENTS = YES;
				CLANG_WARN_EMPTY_BODY = YES;
				CLANG_WARN_ENUM_CONVERSION = YES;
				CLANG_WARN_INFINITE_RECURSION = YES;
				CLANG_WARN_INT_CONVERSION = YES;
				CLANG_WARN_NON_LITERAL_NULL_CONVERSION = YES;
				CLANG_WARN_OBJC_IMPLICIT_RETAIN_SELF = YES;
				CLANG_WARN_OBJC_LITERAL_CONVERSION = YES;
				CLANG_WARN_OBJC_ROOT_CLASS = YES_ERROR;
				CLANG_WARN_RANGE_LOOP_ANALYSIS = YES;
				CLANG_WARN_STRICT_PROTOTYPES = YES;
				CLANG_WARN_SUSPICIOUS_MOVE = YES;
				CLANG_WARN_UNGUARDED_AVAILABILITY = YES_AGGRESSIVE;
				CLANG_WARN_UNREACHABLE_CODE = YES;
				CLANG_WARN__DUPLICATE_METHOD_MATCH = YES;
				CODE_SIGN_IDENTITY = "-";
				COPY_PHASE_STRIP = NO;
				DEBUG_INFORMATION_FORMAT = "dwarf-with-dsym";
				ENABLE_NS_ASSERTIONS = NO;
				ENABLE_STRICT_OBJC_MSGSEND = YES;
				GCC_C_LANGUAGE_STANDARD = gnu11;
				GCC_NO_COMMON_BLOCKS = YES;
				GCC_WARN_64_TO_32_BIT_CONVERSION = YES;
				GCC_WARN_ABOUT_RETURN_TYPE = YES_ERROR;
				GCC_WARN_UNDECLARED_SELECTOR = YES;
				GCC_WARN_UNINITIALIZED_AUTOS = YES_AGGRESSIVE;
				GCC_WARN_UNUSED_FUNCTION = YES;
				GCC_WARN_UNUSED_VARIABLE = YES;
				IPHONEOS_DEPLOYMENT_TARGET = 9.0;
				MACOSX_DEPLOYMENT_TARGET = 10.13;
				OBJROOT = ../temp;
				PRODUCT_NAME = xxGraphic;
				SDKROOT = macosx;
				SKIP_INSTALL = YES;
				TARGETED_DEVICE_FAMILY = "1,2";
			};
			name = Release;
		};
		D644A09E231EDDFA00B75B77 /* Debug */ = {
			isa = XCBuildConfiguration;
			buildSettings = {
				CODE_SIGN_STYLE = Manual;
				DEVELOPMENT_TEAM = "";
				DYLIB_COMPATIBILITY_VERSION = 1;
				DYLIB_CURRENT_VERSION = 1;
				EXECUTABLE_PREFIX = lib;
				GCC_ENABLE_CPP_EXCEPTIONS = YES;
				GCC_ENABLE_CPP_RTTI = YES;
				GCC_SYMBOLS_PRIVATE_EXTERN = YES;
				PROVISIONING_PROFILE_SPECIFIER = "";
				SKIP_INSTALL = YES;
				SYMROOT = ../bin;
			};
			name = Debug;
		};
		D644A09F231EDDFA00B75B77 /* Release */ = {
			isa = XCBuildConfiguration;
			buildSettings = {
				CODE_SIGN_STYLE = Manual;
				DEVELOPMENT_TEAM = "";
				DYLIB_COMPATIBILITY_VERSION = 1;
				DYLIB_CURRENT_VERSION = 1;
				EXECUTABLE_PREFIX = lib;
				GCC_ENABLE_CPP_EXCEPTIONS = YES;
				GCC_ENABLE_CPP_RTTI = YES;
				GCC_SYMBOLS_PRIVATE_EXTERN = YES;
				PROVISIONING_PROFILE_SPECIFIER = "";
				SKIP_INSTALL = YES;
				SYMROOT = ../bin;
			};
			name = Release;
		};
/* End XCBuildConfiguration section */

/* Begin XCConfigurationList section */
		D6022C4823258BB600B9BFB8 /* Build configuration list for PBXNativeTarget "xxGraphic (iOS)" */ = {
			isa = XCConfigurationList;
			buildConfigurations = (
				D6022C4923258BB600B9BFB8 /* Debug */,
				D6022C4A23258BB600B9BFB8 /* Release */,
			);
			defaultConfigurationIsVisible = 0;
			defaultConfigurationName = Release;
		};
		D644A08D231EDDFA00B75B77 /* Build configuration list for PBXProject "xxGraphic" */ = {
			isa = XCConfigurationList;
			buildConfigurations = (
				D644A09B231EDDFA00B75B77 /* Debug */,
				D644A09C231EDDFA00B75B77 /* Release */,
			);
			defaultConfigurationIsVisible = 0;
			defaultConfigurationName = Release;
		};
		D644A09D231EDDFA00B75B77 /* Build configuration list for PBXNativeTarget "xxGraphic (macOS)" */ = {
			isa = XCConfigurationList;
			buildConfigurations = (
				D644A09E231EDDFA00B75B77 /* Debug */,
				D644A09F231EDDFA00B75B77 /* Release */,
			);
			defaultConfigurationIsVisible = 0;
			defaultConfigurationName = Release;
		};
/* End XCConfigurationList section */
	};
	rootObject = D644A08A231EDDFA00B75B77 /* Project object */;
}
