<?xml version="1.0" encoding="utf-8"?>
<Project ToolsVersion="4.0" xmlns="http://schemas.microsoft.com/developer/msbuild/2003">
  <ItemGroup>
    <ClCompile Include="..\main.cpp" />
    <ClCompile Include="..\graphic\imgui_impl_dx9.cpp">
      <Filter>graphic</Filter>
    </ClCompile>
    <ClCompile Include="..\graphic\imgui_impl_win32.cpp">
      <Filter>graphic</Filter>
    </ClCompile>
    <ClCompile Include="..\graphic\imgui_impl_dx10.cpp">
      <Filter>graphic</Filter>
    </ClCompile>
    <ClCompile Include="..\graphic\imgui_impl_dx11.cpp">
      <Filter>graphic</Filter>
    </ClCompile>
  </ItemGroup>
  <ItemGroup>
    <Filter Include="graphic">
      <UniqueIdentifier>{bed44e75-2535-4b10-8eac-5068b21a7c10}</UniqueIdentifier>
    </Filter>
  </ItemGroup>
  <ItemGroup>
    <ClInclude Include="..\graphic\imgui_impl_dx9.h">
      <Filter>graphic</Filter>
    </ClInclude>
    <ClInclude Include="..\graphic\imgui_impl_win32.h">
      <Filter>graphic</Filter>
    </ClInclude>
    <ClInclude Include="..\graphic\imgui_impl_dx10.h">
      <Filter>graphic</Filter>
    </ClInclude>
    <ClInclude Include="..\graphic\imgui_impl_dx11.h">
      <Filter>graphic</Filter>
    </ClInclude>
  </ItemGroup>
</Project>