<?xml version="1.0" encoding="utf-8"?>
<Project ToolsVersion="4.0" xmlns="http://schemas.microsoft.com/developer/msbuild/2003">
  <ItemGroup>
    <ClCompile Include="..\graphic\xxGraphic.cpp" />
    <ClCompile Include="..\graphic\xxGraphicNULL.cpp" />
    <ClCompile Include="..\graphic\xxSystem.cpp" />
    <ClCompile Include="..\graphic\xxGraphicD3D8.cpp">
      <Filter>Direct3D</Filter>
    </ClCompile>
    <ClCompile Include="..\graphic\xxGraphicD3D8PS.cpp">
      <Filter>Direct3D</Filter>
    </ClCompile>
    <ClCompile Include="..\graphic\xxGraphicD3D9.cpp">
      <Filter>Direct3D</Filter>
    </ClCompile>
    <ClCompile Include="..\graphic\xxGraphicD3D9Ex.cpp">
      <Filter>Direct3D</Filter>
    </ClCompile>
    <ClCompile Include="..\graphic\xxGraphicD3D9On12.cpp">
      <Filter>Direct3D</Filter>
    </ClCompile>
    <ClCompile Include="..\graphic\xxGraphicD3D9PS.cpp">
      <Filter>Direct3D</Filter>
    </ClCompile>
    <ClCompile Include="..\graphic\xxGraphicD3D10.cpp">
      <Filter>Direct3D</Filter>
    </ClCompile>
    <ClCompile Include="..\graphic\xxGraphicD3D10_1.cpp">
      <Filter>Direct3D</Filter>
    </ClCompile>
    <ClCompile Include="..\graphic\xxGraphicD3D11.cpp">
      <Filter>Direct3D</Filter>
    </ClCompile>
    <ClCompile Include="..\graphic\xxGraphicD3D11On12.cpp">
      <Filter>Direct3D</Filter>
    </ClCompile>
    <ClCompile Include="..\graphic\xxGraphicD3D12.cpp">
      <Filter>Direct3D</Filter>
    </ClCompile>
    <ClCompile Include="..\graphic\xxGraphicD3DAsm.cpp">
      <Filter>Direct3D</Filter>
    </ClCompile>
    <ClCompile Include="..\graphic\xxGraphicGLES2.cpp">
      <Filter>OpenGL</Filter>
    </ClCompile>
    <ClCompile Include="..\graphic\xxGraphicGL.cpp">
      <Filter>OpenGL</Filter>
    </ClCompile>
    <ClCompile Include="..\graphic\xxGraphicWGL.cpp">
      <Filter>OpenGL</Filter>
    </ClCompile>
    <ClCompile Include="..\graphic\xxGraphicMantleAsm.cpp">
      <Filter>Mantle</Filter>
    </ClCompile>
    <ClCompile Include="..\graphic\xxGraphicMantle.cpp">
      <Filter>Mantle</Filter>
    </ClCompile>
  </ItemGroup>
  <ItemGroup>
    <ClInclude Include="..\graphic\xxGraphic.h" />
    <ClInclude Include="..\graphic\xxGraphicInternal.h" />
    <ClInclude Include="..\graphic\xxGraphicNULL.h" />
    <ClInclude Include="..\graphic\xxSystem.h" />
    <ClInclude Include="..\graphic\dxsdk\d3d8.h">
      <Filter>Direct3D\dxsdk</Filter>
    </ClInclude>
    <ClInclude Include="..\graphic\dxsdk\d3d8caps.h">
      <Filter>Direct3D\dxsdk</Filter>
    </ClInclude>
    <ClInclude Include="..\graphic\dxsdk\d3d8types.h">
      <Filter>Direct3D\dxsdk</Filter>
    </ClInclude>
    <ClInclude Include="..\graphic\dxsdk\d3d9.h">
      <Filter>Direct3D\dxsdk</Filter>
    </ClInclude>
    <ClInclude Include="..\graphic\dxsdk\d3d9caps.h">
      <Filter>Direct3D\dxsdk</Filter>
    </ClInclude>
    <ClInclude Include="..\graphic\dxsdk\d3d9types.h">
      <Filter>Direct3D\dxsdk</Filter>
    </ClInclude>
    <ClInclude Include="..\graphic\dxsdk\d3d10TokenizedProgramFormat.hpp">
      <Filter>Direct3D\dxsdk</Filter>
    </ClInclude>
    <ClInclude Include="..\graphic\dxsdk\d3d9on12.h">
      <Filter>Direct3D\dxsdk</Filter>
    </ClInclude>
    <ClInclude Include="..\graphic\xxGraphicD3D.h">
      <Filter>Direct3D</Filter>
    </ClInclude>
    <ClInclude Include="..\graphic\xxGraphicD3D8.h">
      <Filter>Direct3D</Filter>
    </ClInclude>
    <ClInclude Include="..\graphic\xxGraphicD3D8PS.h">
      <Filter>Direct3D</Filter>
    </ClInclude>
    <ClInclude Include="..\graphic\xxGraphicD3D9.h">
      <Filter>Direct3D</Filter>
    </ClInclude>
    <ClInclude Include="..\graphic\xxGraphicD3D9Ex.h">
      <Filter>Direct3D</Filter>
    </ClInclude>
    <ClInclude Include="..\graphic\xxGraphicD3D9On12.h">
      <Filter>Direct3D</Filter>
    </ClInclude>
    <ClInclude Include="..\graphic\xxGraphicD3D9PS.h">
      <Filter>Direct3D</Filter>
    </ClInclude>
    <ClInclude Include="..\graphic\xxGraphicD3D10.h">
      <Filter>Direct3D</Filter>
    </ClInclude>
    <ClInclude Include="..\graphic\xxGraphicD3D10_1.h">
      <Filter>Direct3D</Filter>
    </ClInclude>
    <ClInclude Include="..\graphic\xxGraphicD3D11.h">
      <Filter>Direct3D</Filter>
    </ClInclude>
    <ClInclude Include="..\graphic\xxGraphicD3D11On12.h">
      <Filter>Direct3D</Filter>
    </ClInclude>
    <ClInclude Include="..\graphic\xxGraphicD3D12.h">
      <Filter>Direct3D</Filter>
    </ClInclude>
    <ClInclude Include="..\graphic\xxGraphicD3DAsm.h">
      <Filter>Direct3D</Filter>
    </ClInclude>
    <ClInclude Include="..\graphic\xxGraphicGLES2.h">
      <Filter>OpenGL</Filter>
    </ClInclude>
    <ClInclude Include="..\graphic\xxGraphicGL.h">
      <Filter>OpenGL</Filter>
    </ClInclude>
    <ClInclude Include="..\graphic\xxGraphicWGL.h">
      <Filter>OpenGL</Filter>
    </ClInclude>
    <ClInclude Include="..\graphic\gl\gl2.h">
      <Filter>OpenGL\gl</Filter>
    </ClInclude>
    <ClInclude Include="..\graphic\gl\gl2ext.h">
      <Filter>OpenGL\gl</Filter>
    </ClInclude>
    <ClInclude Include="..\graphic\gl\gl2platform.h">
      <Filter>OpenGL\gl</Filter>
    </ClInclude>
    <ClInclude Include="..\graphic\gl\khrplatform.h">
      <Filter>OpenGL\gl</Filter>
    </ClInclude>
    <ClInclude Include="..\graphic\gl\wgl.h">
      <Filter>OpenGL\gl</Filter>
    </ClInclude>
    <ClInclude Include="..\graphic\gr\amdil.h">
      <Filter>Mantle\gr</Filter>
    </ClInclude>
    <ClInclude Include="..\graphic\xxGraphicMantleAsm.h">
      <Filter>Mantle</Filter>
    </ClInclude>
    <ClInclude Include="..\graphic\xxGraphicMantle.h">
      <Filter>Mantle</Filter>
    </ClInclude>
    <ClInclude Include="..\graphic\gr\mantleWsiWinExt.h">
      <Filter>Mantle\gr</Filter>
    </ClInclude>
    <ClInclude Include="..\graphic\gr\mantle.h">
      <Filter>Mantle\gr</Filter>
    </ClInclude>
  </ItemGroup>
  <ItemGroup>
    <Filter Include="Direct3D">
      <UniqueIdentifier>{b55567fd-4eb0-4b5f-ae71-9392c3043f10}</UniqueIdentifier>
    </Filter>
    <Filter Include="Direct3D\dxsdk">
      <UniqueIdentifier>{743e9f93-6f7d-4cf2-95d1-af73bd4d2e05}</UniqueIdentifier>
    </Filter>
    <Filter Include="OpenGL">
      <UniqueIdentifier>{dcd1130b-5f4e-45f7-ae84-6d72e9f96808}</UniqueIdentifier>
    </Filter>
    <Filter Include="OpenGL\gl">
      <UniqueIdentifier>{2bf6ec00-620f-4b5d-8cdf-bb83773b0fa8}</UniqueIdentifier>
    </Filter>
    <Filter Include="Mantle">
      <UniqueIdentifier>{b7ba013f-7e83-410a-83e6-c2e67eb3bd3d}</UniqueIdentifier>
    </Filter>
    <Filter Include="Mantle\gr">
      <UniqueIdentifier>{6b56a916-2f88-43f6-913c-5e562bda5292}</UniqueIdentifier>
    </Filter>
  </ItemGroup>
</Project>