// !$*UTF8*$!
{
	archiveVersion = 1;
	classes = {
	};
	objectVersion = 50;
	objects = {

/* Begin PBXBuildFile section */
		D644A076231ED90400B75B77 /* imgui_internal.h in Headers */ = {isa = PBXBuildFile; fileRef = D644A06C231ED90300B75B77 /* imgui_internal.h */; };
		D644A077231ED90400B75B77 /* imgui_draw.cpp in Sources */ = {isa = PBXBuildFile; fileRef = D644A06D231ED90300B75B77 /* imgui_draw.cpp */; };
		D644A078231ED90400B75B77 /* imgui_widgets.cpp in Sources */ = {isa = PBXBuildFile; fileRef = D644A06E231ED90300B75B77 /* imgui_widgets.cpp */; };
		D644A079231ED90400B75B77 /* imgui_demo.cpp in Sources */ = {isa = PBXBuildFile; fileRef = D644A06F231ED90300B75B77 /* imgui_demo.cpp */; };
		D644A07A231ED90400B75B77 /* imconfig.h in Headers */ = {isa = PBXBuildFile; fileRef = D644A070231ED90300B75B77 /* imconfig.h */; };
		D644A07B231ED90400B75B77 /* imstb_rectpack.h in Headers */ = {isa = PBXBuildFile; fileRef = D644A071231ED90300B75B77 /* imstb_rectpack.h */; };
		D644A07C231ED90400B75B77 /* imgui.h in Headers */ = {isa = PBXBuildFile; fileRef = D644A072231ED90300B75B77 /* imgui.h */; };
		D644A07D231ED90400B75B77 /* imstb_textedit.h in Headers */ = {isa = PBXBuildFile; fileRef = D644A073231ED90300B75B77 /* imstb_textedit.h */; };
		D644A07E231ED90400B75B77 /* imstb_truetype.h in Headers */ = {isa = PBXBuildFile; fileRef = D644A074231ED90400B75B77 /* imstb_truetype.h */; };
		D644A07F231ED90400B75B77 /* imgui.cpp in Sources */ = {isa = PBXBuildFile; fileRef = D644A075231ED90400B75B77 /* imgui.cpp */; };
		D644A084231ED93C00B75B77 /* imgui_freetype.h in Headers */ = {isa = PBXBuildFile; fileRef = D644A082231ED93C00B75B77 /* imgui_freetype.h */; };
		D644A085231ED93C00B75B77 /* imgui_freetype.cpp in Sources */ = {isa = PBXBuildFile; fileRef = D644A083231ED93C00B75B77 /* imgui_freetype.cpp */; };
		D644A088231ED9F300B75B77 /* libfreetype.dylib in Frameworks */ = {isa = PBXBuildFile; fileRef = D644A087231ED9F300B75B77 /* libfreetype.dylib */; };
		D6DA664623258F3000953C5B /* imgui_freetype.cpp in Sources */ = {isa = PBXBuildFile; fileRef = D644A083231ED93C00B75B77 /* imgui_freetype.cpp */; };
		D6DA664723258F3000953C5B /* imgui_demo.cpp in Sources */ = {isa = PBXBuildFile; fileRef = D644A06F231ED90300B75B77 /* imgui_demo.cpp */; };
		D6DA664823258F3000953C5B /* imgui_draw.cpp in Sources */ = {isa = PBXBuildFile; fileRef = D644A06D231ED90300B75B77 /* imgui_draw.cpp */; };
		D6DA664923258F3000953C5B /* imgui_widgets.cpp in Sources */ = {isa = PBXBuildFile; fileRef = D644A06E231ED90300B75B77 /* imgui_widgets.cpp */; };
		D6DA664A23258F3000953C5B /* imgui.cpp in Sources */ = {isa = PBXBuildFile; fileRef = D644A075231ED90400B75B77 /* imgui.cpp */; };
/* End PBXBuildFile section */

/* Begin PBXCopyFilesBuildPhase section */
		D6022C3323258B5D00B9BFB8 /* CopyFiles */ = {
			isa = PBXCopyFilesBuildPhase;
			buildActionMask = 2147483647;
			dstPath = "include/$(PRODUCT_NAME)";
			dstSubfolderSpec = 16;
			files = (
			);
			runOnlyForDeploymentPostprocessing = 0;
		};
/* End PBXCopyFilesBuildPhase section */

/* Begin PBXFileReference section */
		D6022C3523258B5D00B9BFB8 /* libimgui.a */ = {isa = PBXFileReference; explicitFileType = archive.ar; includeInIndex = 0; path = libimgui.a; sourceTree = BUILT_PRODUCTS_DIR; };
		D644A041231ED82900B75B77 /* libimgui.dylib */ = {isa = PBXFileReference; explicitFileType = "compiled.mach-o.dylib"; includeInIndex = 0; path = libimgui.dylib; sourceTree = BUILT_PRODUCTS_DIR; };
		D644A06C231ED90300B75B77 /* imgui_internal.h */ = {isa = PBXFileReference; fileEncoding = 4; lastKnownFileType = sourcecode.c.h; name = imgui_internal.h; path = ../imgui/imgui_internal.h; sourceTree = "<group>"; };
		D644A06D231ED90300B75B77 /* imgui_draw.cpp */ = {isa = PBXFileReference; fileEncoding = 4; lastKnownFileType = sourcecode.cpp.cpp; name = imgui_draw.cpp; path = ../imgui/imgui_draw.cpp; sourceTree = "<group>"; };
		D644A06E231ED90300B75B77 /* imgui_widgets.cpp */ = {isa = PBXFileReference; fileEncoding = 4; lastKnownFileType = sourcecode.cpp.cpp; name = imgui_widgets.cpp; path = ../imgui/imgui_widgets.cpp; sourceTree = "<group>"; };
		D644A06F231ED90300B75B77 /* imgui_demo.cpp */ = {isa = PBXFileReference; fileEncoding = 4; lastKnownFileType = sourcecode.cpp.cpp; name = imgui_demo.cpp; path = ../imgui/imgui_demo.cpp; sourceTree = "<group>"; };
		D644A070231ED90300B75B77 /* imconfig.h */ = {isa = PBXFileReference; fileEncoding = 4; lastKnownFileType = sourcecode.c.h; name = imconfig.h; path = ../imgui/imconfig.h; sourceTree = "<group>"; };
		D644A071231ED90300B75B77 /* imstb_rectpack.h */ = {isa = PBXFileReference; fileEncoding = 4; lastKnownFileType = sourcecode.c.h; name = imstb_rectpack.h; path = ../imgui/imstb_rectpack.h; sourceTree = "<group>"; };
		D644A072231ED90300B75B77 /* imgui.h */ = {isa = PBXFileReference; fileEncoding = 4; lastKnownFileType = sourcecode.c.h; name = imgui.h; path = ../imgui/imgui.h; sourceTree = "<group>"; };
		D644A073231ED90300B75B77 /* imstb_textedit.h */ = {isa = PBXFileReference; fileEncoding = 4; lastKnownFileType = sourcecode.c.h; name = imstb_textedit.h; path = ../imgui/imstb_textedit.h; sourceTree = "<group>"; };
		D644A074231ED90400B75B77 /* imstb_truetype.h */ = {isa = PBXFileReference; fileEncoding = 4; lastKnownFileType = sourcecode.c.h; name = imstb_truetype.h; path = ../imgui/imstb_truetype.h; sourceTree = "<group>"; };
		D644A075231ED90400B75B77 /* imgui.cpp */ = {isa = PBXFileReference; fileEncoding = 4; lastKnownFileType = sourcecode.cpp.cpp; name = imgui.cpp; path = ../imgui/imgui.cpp; sourceTree = "<group>"; };
		D644A082231ED93C00B75B77 /* imgui_freetype.h */ = {isa = PBXFileReference; fileEncoding = 4; lastKnownFileType = sourcecode.c.h; name = imgui_freetype.h; path = ../imgui/misc/freetype/imgui_freetype.h; sourceTree = "<group>"; };
		D644A083231ED93C00B75B77 /* imgui_freetype.cpp */ = {isa = PBXFileReference; fileEncoding = 4; lastKnownFileType = sourcecode.cpp.cpp; name = imgui_freetype.cpp; path = ../imgui/misc/freetype/imgui_freetype.cpp; sourceTree = "<group>"; };
		D644A087231ED9F300B75B77 /* libfreetype.dylib */ = {isa = PBXFileReference; explicitFileType = "compiled.mach-o.dylib"; path = libfreetype.dylib; sourceTree = BUILT_PRODUCTS_DIR; };
/* End PBXFileReference section */

/* Begin PBXFrameworksBuildPhase section */
		D6022C3223258B5D00B9BFB8 /* Frameworks */ = {
			isa = PBXFrameworksBuildPhase;
			buildActionMask = 2147483647;
			files = (
			);
			runOnlyForDeploymentPostprocessing = 0;
		};
		D644A03F231ED82900B75B77 /* Frameworks */ = {
			isa = PBXFrameworksBuildPhase;
			buildActionMask = 2147483647;
			files = (
				D644A088231ED9F300B75B77 /* libfreetype.dylib in Frameworks */,
			);
			runOnlyForDeploymentPostprocessing = 0;
		};
/* End PBXFrameworksBuildPhase section */

/* Begin PBXGroup section */
		D644A038231ED82900B75B77 = {
			isa = PBXGroup;
			children = (
				D644A080231ED91800B75B77 /* misc */,
				D644A070231ED90300B75B77 /* imconfig.h */,
				D644A06F231ED90300B75B77 /* imgui_demo.cpp */,
				D644A06D231ED90300B75B77 /* imgui_draw.cpp */,
				D644A06C231ED90300B75B77 /* imgui_internal.h */,
				D644A06E231ED90300B75B77 /* imgui_widgets.cpp */,
				D644A075231ED90400B75B77 /* imgui.cpp */,
				D644A072231ED90300B75B77 /* imgui.h */,
				D644A071231ED90300B75B77 /* imstb_rectpack.h */,
				D644A073231ED90300B75B77 /* imstb_textedit.h */,
				D644A074231ED90400B75B77 /* imstb_truetype.h */,
				D644A042231ED82900B75B77 /* Products */,
				D644A086231ED9F300B75B77 /* Frameworks */,
			);
			sourceTree = "<group>";
		};
		D644A042231ED82900B75B77 /* Products */ = {
			isa = PBXGroup;
			children = (
				D644A041231ED82900B75B77 /* libimgui.dylib */,
				D6022C3523258B5D00B9BFB8 /* libimgui.a */,
			);
			name = Products;
			sourceTree = "<group>";
		};
		D644A080231ED91800B75B77 /* misc */ = {
			isa = PBXGroup;
			children = (
				D644A081231ED92500B75B77 /* freetype */,
			);
			name = misc;
			sourceTree = "<group>";
		};
		D644A081231ED92500B75B77 /* freetype */ = {
			isa = PBXGroup;
			children = (
				D644A083231ED93C00B75B77 /* imgui_freetype.cpp */,
				D644A082231ED93C00B75B77 /* imgui_freetype.h */,
			);
			name = freetype;
			sourceTree = "<group>";
		};
		D644A086231ED9F300B75B77 /* Frameworks */ = {
			isa = PBXGroup;
			children = (
				D644A087231ED9F300B75B77 /* libfreetype.dylib */,
			);
			name = Frameworks;
			sourceTree = "<group>";
		};
/* End PBXGroup section */

/* Begin PBXHeadersBuildPhase section */
		D644A03D231ED82900B75B77 /* Headers */ = {
			isa = PBXHeadersBuildPhase;
			buildActionMask = 2147483647;
			files = (
				D644A07C231ED90400B75B77 /* imgui.h in Headers */,
				D644A07A231ED90400B75B77 /* imconfig.h in Headers */,
				D644A084231ED93C00B75B77 /* imgui_freetype.h in Headers */,
				D644A07E231ED90400B75B77 /* imstb_truetype.h in Headers */,
				D644A07D231ED90400B75B77 /* imstb_textedit.h in Headers */,
				D644A07B231ED90400B75B77 /* imstb_rectpack.h in Headers */,
				D644A076231ED90400B75B77 /* imgui_internal.h in Headers */,
			);
			runOnlyForDeploymentPostprocessing = 0;
		};
/* End PBXHeadersBuildPhase section */

/* Begin PBXNativeTarget section */
		D6022C3423258B5D00B9BFB8 /* imgui (iOS) */ = {
			isa = PBXNativeTarget;
			buildConfigurationList = D6022C3B23258B5D00B9BFB8 /* Build configuration list for PBXNativeTarget "imgui (iOS)" */;
			buildPhases = (
				D6022C3123258B5D00B9BFB8 /* Sources */,
				D6022C3223258B5D00B9BFB8 /* Frameworks */,
				D6022C3323258B5D00B9BFB8 /* CopyFiles */,
			);
			buildRules = (
			);
			dependencies = (
			);
			name = "imgui (iOS)";
			productName = "imgui (iOS)";
			productReference = D6022C3523258B5D00B9BFB8 /* libimgui.a */;
			productType = "com.apple.product-type.library.static";
		};
		D644A040231ED82900B75B77 /* imgui (macOS) */ = {
			isa = PBXNativeTarget;
			buildConfigurationList = D644A04C231ED82900B75B77 /* Build configuration list for PBXNativeTarget "imgui (macOS)" */;
			buildPhases = (
				D644A03D231ED82900B75B77 /* Headers */,
				D644A03E231ED82900B75B77 /* Sources */,
				D644A03F231ED82900B75B77 /* Frameworks */,
			);
			buildRules = (
			);
			dependencies = (
			);
			name = "imgui (macOS)";
			productName = imgui;
			productReference = D644A041231ED82900B75B77 /* libimgui.dylib */;
			productType = "com.apple.product-type.library.dynamic";
		};
/* End PBXNativeTarget section */

/* Begin PBXProject section */
		D644A039231ED82900B75B77 /* Project object */ = {
			isa = PBXProject;
			attributes = {
				LastUpgradeCheck = 1030;
				TargetAttributes = {
					D6022C3423258B5D00B9BFB8 = {
						CreatedOnToolsVersion = 11.0;
					};
					D644A040231ED82900B75B77 = {
						CreatedOnToolsVersion = 10.3;
					};
				};
			};
			buildConfigurationList = D644A03C231ED82900B75B77 /* Build configuration list for PBXProject "imgui" */;
			compatibilityVersion = "Xcode 9.3";
			developmentRegion = en;
			hasScannedForEncodings = 0;
			knownRegions = (
				en,
				Base,
			);
			mainGroup = D644A038231ED82900B75B77;
			productRefGroup = D644A042231ED82900B75B77 /* Products */;
			projectDirPath = "";
			projectRoot = "";
			targets = (
				D644A040231ED82900B75B77 /* imgui (macOS) */,
				D6022C3423258B5D00B9BFB8 /* imgui (iOS) */,
			);
		};
/* End PBXProject section */

/* Begin PBXSourcesBuildPhase section */
		D6022C3123258B5D00B9BFB8 /* Sources */ = {
			isa = PBXSourcesBuildPhase;
			buildActionMask = 2147483647;
			files = (
				D6DA664A23258F3000953C5B /* imgui.cpp in Sources */,
				D6DA664723258F3000953C5B /* imgui_demo.cpp in Sources */,
				D6DA664823258F3000953C5B /* imgui_draw.cpp in Sources */,
				D6DA664923258F3000953C5B /* imgui_widgets.cpp in Sources */,
				D6DA664623258F3000953C5B /* imgui_freetype.cpp in Sources */,
			);
			runOnlyForDeploymentPostprocessing = 0;
		};
		D644A03E231ED82900B75B77 /* Sources */ = {
			isa = PBXSourcesBuildPhase;
			buildActionMask = 2147483647;
			files = (
				D644A07F231ED90400B75B77 /* imgui.cpp in Sources */,
				D644A079231ED90400B75B77 /* imgui_demo.cpp in Sources */,
				D644A077231ED90400B75B77 /* imgui_draw.cpp in Sources */,
				D644A078231ED90400B75B77 /* imgui_widgets.cpp in Sources */,
				D644A085231ED93C00B75B77 /* imgui_freetype.cpp in Sources */,
			);
			runOnlyForDeploymentPostprocessing = 0;
		};
/* End PBXSourcesBuildPhase section */

/* Begin XCBuildConfiguration section */
		D6022C3C23258B5D00B9BFB8 /* Debug */ = {
			isa = XCBuildConfiguration;
			buildSettings = {
				SDKROOT = iphoneos;
				SYMROOT = ../lib;
			};
			name = Debug;
		};
		D6022C3D23258B5D00B9BFB8 /* Release */ = {
			isa = XCBuildConfiguration;
			buildSettings = {
				SDKROOT = iphoneos;
				SYMROOT = ../lib;
				VALIDATE_PRODUCT = YES;
			};
			name = Release;
		};
		D644A04A231ED82900B75B77 /* Debug */ = {
			isa = XCBuildConfiguration;
			buildSettings = {
				ALWAYS_SEARCH_USER_PATHS = NO;
				CLANG_ANALYZER_NONNULL = YES;
				CLANG_ANALYZER_NUMBER_OBJECT_CONVERSION = YES_AGGRESSIVE;
				CLANG_CXX_LANGUAGE_STANDARD = "gnu++14";
				CLANG_CXX_LIBRARY = "libc++";
				CLANG_ENABLE_MODULES = YES;
				CLANG_ENABLE_OBJC_ARC = YES;
				CLANG_ENABLE_OBJC_WEAK = YES;
				CLANG_WARN_BLOCK_CAPTURE_AUTORELEASING = YES;
				CLANG_WARN_BOOL_CONVERSION = YES;
				CLANG_WARN_COMMA = YES;
				CLANG_WARN_CONSTANT_CONVERSION = YES;
				CLANG_WARN_DEPRECATED_OBJC_IMPLEMENTATIONS = YES;
				CLANG_WARN_DIRECT_OBJC_ISA_USAGE = YES_ERROR;
				CLANG_WARN_DOCUMENTATION_COMMENTS = NO;
				CLANG_WARN_EMPTY_BODY = YES;
				CLANG_WARN_ENUM_CONVERSION = YES;
				CLANG_WARN_INFINITE_RECURSION = YES;
				CLANG_WARN_INT_CONVERSION = YES;
				CLANG_WARN_NON_LITERAL_NULL_CONVERSION = YES;
				CLANG_WARN_OBJC_IMPLICIT_RETAIN_SELF = YES;
				CLANG_WARN_OBJC_LITERAL_CONVERSION = YES;
				CLANG_WARN_OBJC_ROOT_CLASS = YES_ERROR;
				CLANG_WARN_RANGE_LOOP_ANALYSIS = YES;
				CLANG_WARN_STRICT_PROTOTYPES = YES;
				CLANG_WARN_SUSPICIOUS_MOVE = YES;
				CLANG_WARN_UNGUARDED_AVAILABILITY = YES_AGGRESSIVE;
				CLANG_WARN_UNREACHABLE_CODE = YES;
				CLANG_WARN__DUPLICATE_METHOD_MATCH = YES;
				CODE_SIGN_IDENTITY = "-";
				COPY_PHASE_STRIP = NO;
				DEBUG_INFORMATION_FORMAT = dwarf;
				ENABLE_STRICT_OBJC_MSGSEND = YES;
				ENABLE_TESTABILITY = YES;
				EXECUTABLE_PREFIX = lib;
				GCC_C_LANGUAGE_STANDARD = gnu11;
				GCC_DYNAMIC_NO_PIC = NO;
				GCC_NO_COMMON_BLOCKS = YES;
				GCC_OPTIMIZATION_LEVEL = 0;
				GCC_PREPROCESSOR_DEFINITIONS = (
					"DEBUG=1",
					"$(inherited)",
				);
				GCC_WARN_64_TO_32_BIT_CONVERSION = YES;
				GCC_WARN_ABOUT_RETURN_TYPE = YES_ERROR;
				GCC_WARN_UNDECLARED_SELECTOR = YES;
				GCC_WARN_UNINITIALIZED_AUTOS = YES_AGGRESSIVE;
				GCC_WARN_UNUSED_FUNCTION = YES;
				GCC_WARN_UNUSED_VARIABLE = YES;
				HEADER_SEARCH_PATHS = (
					../imgui,
					../freetype/include,
				);
				IPHONEOS_DEPLOYMENT_TARGET = 8.0;
				MACOSX_DEPLOYMENT_TARGET = 10.13;
				OBJROOT = ../temp;
				ONLY_ACTIVE_ARCH = YES;
				PRODUCT_NAME = imgui;
				SDKROOT = macosx;
				SKIP_INSTALL = YES;
				TARGETED_DEVICE_FAMILY = "1,2";
			};
			name = Debug;
		};
		D644A04B231ED82900B75B77 /* Release */ = {
			isa = XCBuildConfiguration;
			buildSettings = {
				ALWAYS_SEARCH_USER_PATHS = NO;
				CLANG_ANALYZER_NONNULL = YES;
				CLANG_ANALYZER_NUMBER_OBJECT_CONVERSION = YES_AGGRESSIVE;
				CLANG_CXX_LANGUAGE_STANDARD = "gnu++14";
				CLANG_CXX_LIBRARY = "libc++";
				CLANG_ENABLE_MODULES = YES;
				CLANG_ENABLE_OBJC_ARC = YES;
				CLANG_ENABLE_OBJC_WEAK = YES;
				CLANG_WARN_BLOCK_CAPTURE_AUTORELEASING = YES;
				CLANG_WARN_BOOL_CONVERSION = YES;
				CLANG_WARN_COMMA = YES;
				CLANG_WARN_CONSTANT_CONVERSION = YES;
				CLANG_WARN_DEPRECATED_OBJC_IMPLEMENTATIONS = YES;
				CLANG_WARN_DIRECT_OBJC_ISA_USAGE = YES_ERROR;
				CLANG_WARN_DOCUMENTATION_COMMENTS = NO;
				CLANG_WARN_EMPTY_BODY = YES;
				CLANG_WARN_ENUM_CONVERSION = YES;
				CLANG_WARN_INFINITE_RECURSION = YES;
				CLANG_WARN_INT_CONVERSION = YES;
				CLANG_WARN_NON_LITERAL_NULL_CONVERSION = YES;
				CLANG_WARN_OBJC_IMPLICIT_RETAIN_SELF = YES;
				CLANG_WARN_OBJC_LITERAL_CONVERSION = YES;
				CLANG_WARN_OBJC_ROOT_CLASS = YES_ERROR;
				CLANG_WARN_RANGE_LOOP_ANALYSIS = YES;
				CLANG_WARN_STRICT_PROTOTYPES = YES;
				CLANG_WARN_SUSPICIOUS_MOVE = YES;
				CLANG_WARN_UNGUARDED_AVAILABILITY = YES_AGGRESSIVE;
				CLANG_WARN_UNREACHABLE_CODE = YES;
				CLANG_WARN__DUPLICATE_METHOD_MATCH = YES;
				CODE_SIGN_IDENTITY = "-";
				COPY_PHASE_STRIP = NO;
				DEBUG_INFORMATION_FORMAT = "dwarf-with-dsym";
				ENABLE_NS_ASSERTIONS = NO;
				ENABLE_STRICT_OBJC_MSGSEND = YES;
				EXECUTABLE_PREFIX = lib;
				GCC_C_LANGUAGE_STANDARD = gnu11;
				GCC_NO_COMMON_BLOCKS = YES;
				GCC_WARN_64_TO_32_BIT_CONVERSION = YES;
				GCC_WARN_ABOUT_RETURN_TYPE = YES_ERROR;
				GCC_WARN_UNDECLARED_SELECTOR = YES;
				GCC_WARN_UNINITIALIZED_AUTOS = YES_AGGRESSIVE;
				GCC_WARN_UNUSED_FUNCTION = YES;
				GCC_WARN_UNUSED_VARIABLE = YES;
				HEADER_SEARCH_PATHS = (
					../imgui,
					../freetype/include,
				);
				IPHONEOS_DEPLOYMENT_TARGET = 8.0;
				MACOSX_DEPLOYMENT_TARGET = 10.13;
				OBJROOT = ../temp;
				PRODUCT_NAME = imgui;
				SDKROOT = macosx;
				SKIP_INSTALL = YES;
				TARGETED_DEVICE_FAMILY = "1,2";
			};
			name = Release;
		};
		D644A04D231ED82900B75B77 /* Debug */ = {
			isa = XCBuildConfiguration;
			buildSettings = {
				SYMROOT = ../bin;
			};
			name = Debug;
		};
		D644A04E231ED82900B75B77 /* Release */ = {
			isa = XCBuildConfiguration;
			buildSettings = {
				SYMROOT = ../bin;
			};
			name = Release;
		};
/* End XCBuildConfiguration section */

/* Begin XCConfigurationList section */
		D6022C3B23258B5D00B9BFB8 /* Build configuration list for PBXNativeTarget "imgui (iOS)" */ = {
			isa = XCConfigurationList;
			buildConfigurations = (
				D6022C3C23258B5D00B9BFB8 /* Debug */,
				D6022C3D23258B5D00B9BFB8 /* Release */,
			);
			defaultConfigurationIsVisible = 0;
			defaultConfigurationName = Release;
		};
		D644A03C231ED82900B75B77 /* Build configuration list for PBXProject "imgui" */ = {
			isa = XCConfigurationList;
			buildConfigurations = (
				D644A04A231ED82900B75B77 /* Debug */,
				D644A04B231ED82900B75B77 /* Release */,
			);
			defaultConfigurationIsVisible = 0;
			defaultConfigurationName = Release;
		};
		D644A04C231ED82900B75B77 /* Build configuration list for PBXNativeTarget "imgui (macOS)" */ = {
			isa = XCConfigurationList;
			buildConfigurations = (
				D644A04D231ED82900B75B77 /* Debug */,
				D644A04E231ED82900B75B77 /* Release */,
			);
			defaultConfigurationIsVisible = 0;
			defaultConfigurationName = Release;
		};
/* End XCConfigurationList section */
	};
	rootObject = D644A039231ED82900B75B77 /* Project object */;
}
